{
  "name": "mini-code",
  "version": "1.0.0",
  "lockfileVersion": 2,
  "requires": true,
  "packages": {
    "": {
      "version": "1.0.0",
      "license": "ISC",
      "workspaces": [
        "code/*"
      ]
    },
    "code/koa": {
      "version": "1.0.0",
      "license": "ISC",
      "devDependencies": {
        "koa": "^1.0.0",
        "nodemon": "^2.0.7"
      }
    },
    "code/koa-router": {
      "version": "1.0.0",
      "license": "ISC",
      "dependencies": {
        "path-to-regexp": "^6.2.0"
      }
    },
    "node_modules/@sindresorhus/is": {
      "version": "0.14.0",
      "dev": true,
      "license": "MIT",
      "engines": {
        "node": ">=6"
      }
    },
    "node_modules/@szmarczak/http-timer": {
      "version": "1.1.2",
      "dev": true,
      "license": "MIT",
      "dependencies": {
        "defer-to-connect": "^1.0.1"
      },
      "engines": {
        "node": ">=6"
      }
    },
    "node_modules/abbrev": {
      "version": "1.1.1",
      "dev": true,
      "license": "ISC"
    },
    "node_modules/ansi-align": {
      "version": "3.0.0",
      "dev": true,
      "license": "ISC",
      "dependencies": {
        "string-width": "^3.0.0"
      }
    },
    "node_modules/ansi-align/node_modules/ansi-regex": {
      "version": "4.1.0",
      "dev": true,
      "license": "MIT",
      "engines": {
        "node": ">=6"
      }
    },
    "node_modules/ansi-align/node_modules/emoji-regex": {
      "version": "7.0.3",
      "dev": true,
      "license": "MIT"
    },
    "node_modules/ansi-align/node_modules/is-fullwidth-code-point": {
      "version": "2.0.0",
      "dev": true,
      "license": "MIT",
      "engines": {
        "node": ">=4"
      }
    },
    "node_modules/ansi-align/node_modules/string-width": {
      "version": "3.1.0",
      "dev": true,
      "license": "MIT",
      "dependencies": {
        "emoji-regex": "^7.0.1",
        "is-fullwidth-code-point": "^2.0.0",
        "strip-ansi": "^5.1.0"
      },
      "engines": {
        "node": ">=6"
      }
    },
    "node_modules/ansi-align/node_modules/strip-ansi": {
      "version": "5.2.0",
      "dev": true,
      "license": "MIT",
      "dependencies": {
        "ansi-regex": "^4.1.0"
      },
      "engines": {
        "node": ">=6"
      }
    },
    "node_modules/ansi-regex": {
      "version": "5.0.0",
      "dev": true,
      "license": "MIT",
      "engines": {
        "node": ">=8"
      }
    },
    "node_modules/ansi-styles": {
      "version": "4.3.0",
      "dev": true,
      "license": "MIT",
      "dependencies": {
        "color-convert": "^2.0.1"
      },
      "engines": {
        "node": ">=8"
      },
      "funding": {
        "url": "https://github.com/chalk/ansi-styles?sponsor=1"
      }
    },
    "node_modules/anymatch": {
      "version": "3.1.2",
      "dev": true,
      "license": "ISC",
      "dependencies": {
        "normalize-path": "^3.0.0",
        "picomatch": "^2.0.4"
      },
      "engines": {
        "node": ">= 8"
      }
    },
    "node_modules/balanced-match": {
      "version": "1.0.2",
      "dev": true,
      "license": "MIT"
    },
    "node_modules/binary-extensions": {
      "version": "2.2.0",
      "dev": true,
      "license": "MIT",
      "engines": {
        "node": ">=8"
      }
    },
    "node_modules/boxen": {
      "version": "4.2.0",
      "dev": true,
      "license": "MIT",
      "dependencies": {
        "ansi-align": "^3.0.0",
        "camelcase": "^5.3.1",
        "chalk": "^3.0.0",
        "cli-boxes": "^2.2.0",
        "string-width": "^4.1.0",
        "term-size": "^2.1.0",
        "type-fest": "^0.8.1",
        "widest-line": "^3.1.0"
      },
      "engines": {
        "node": ">=8"
      },
      "funding": {
        "url": "https://github.com/sponsors/sindresorhus"
      }
    },
    "node_modules/brace-expansion": {
      "version": "1.1.11",
      "dev": true,
      "license": "MIT",
      "dependencies": {
        "balanced-match": "^1.0.0",
        "concat-map": "0.0.1"
      }
    },
    "node_modules/braces": {
      "version": "3.0.2",
      "dev": true,
      "license": "MIT",
      "dependencies": {
        "fill-range": "^7.0.1"
      },
      "engines": {
        "node": ">=8"
      }
    },
    "node_modules/cacheable-request": {
      "version": "6.1.0",
      "dev": true,
      "license": "MIT",
      "dependencies": {
        "clone-response": "^1.0.2",
        "get-stream": "^5.1.0",
        "http-cache-semantics": "^4.0.0",
        "keyv": "^3.0.0",
        "lowercase-keys": "^2.0.0",
        "normalize-url": "^4.1.0",
        "responselike": "^1.0.2"
      },
      "engines": {
        "node": ">=8"
      }
    },
    "node_modules/cacheable-request/node_modules/get-stream": {
      "version": "5.2.0",
      "dev": true,
      "license": "MIT",
      "dependencies": {
        "pump": "^3.0.0"
      },
      "engines": {
        "node": ">=8"
      },
      "funding": {
        "url": "https://github.com/sponsors/sindresorhus"
      }
    },
    "node_modules/cacheable-request/node_modules/lowercase-keys": {
      "version": "2.0.0",
      "dev": true,
      "license": "MIT",
      "engines": {
        "node": ">=8"
      }
    },
    "node_modules/camelcase": {
      "version": "5.3.1",
      "dev": true,
      "license": "MIT",
      "engines": {
        "node": ">=6"
      }
    },
    "node_modules/chalk": {
      "version": "3.0.0",
      "dev": true,
      "license": "MIT",
      "dependencies": {
        "ansi-styles": "^4.1.0",
        "supports-color": "^7.1.0"
      },
      "engines": {
        "node": ">=8"
      }
    },
    "node_modules/chalk/node_modules/has-flag": {
      "version": "4.0.0",
      "dev": true,
      "license": "MIT",
      "engines": {
        "node": ">=8"
      }
    },
    "node_modules/chalk/node_modules/supports-color": {
      "version": "7.2.0",
      "dev": true,
      "license": "MIT",
      "dependencies": {
        "has-flag": "^4.0.0"
      },
      "engines": {
        "node": ">=8"
      }
    },
    "node_modules/chokidar": {
      "version": "3.5.1",
      "dev": true,
      "license": "MIT",
      "dependencies": {
        "anymatch": "~3.1.1",
        "braces": "~3.0.2",
        "glob-parent": "~5.1.0",
        "is-binary-path": "~2.1.0",
        "is-glob": "~4.0.1",
        "normalize-path": "~3.0.0",
        "readdirp": "~3.5.0"
      },
      "engines": {
        "node": ">= 8.10.0"
      },
      "optionalDependencies": {
        "fsevents": "~2.3.1"
      }
    },
    "node_modules/ci-info": {
      "version": "2.0.0",
      "dev": true,
      "license": "MIT"
    },
    "node_modules/cli-boxes": {
      "version": "2.2.1",
      "dev": true,
      "license": "MIT",
      "engines": {
        "node": ">=6"
      },
      "funding": {
        "url": "https://github.com/sponsors/sindresorhus"
      }
    },
    "node_modules/clone-response": {
      "version": "1.0.2",
      "dev": true,
      "license": "MIT",
      "dependencies": {
        "mimic-response": "^1.0.0"
      }
    },
    "node_modules/color-convert": {
      "version": "2.0.1",
      "dev": true,
      "license": "MIT",
      "dependencies": {
        "color-name": "~1.1.4"
      },
      "engines": {
        "node": ">=7.0.0"
      }
    },
    "node_modules/color-name": {
      "version": "1.1.4",
      "dev": true,
      "license": "MIT"
    },
    "node_modules/concat-map": {
      "version": "0.0.1",
      "dev": true,
      "license": "MIT"
    },
    "node_modules/configstore": {
      "version": "5.0.1",
      "dev": true,
      "license": "BSD-2-Clause",
      "dependencies": {
        "dot-prop": "^5.2.0",
        "graceful-fs": "^4.1.2",
        "make-dir": "^3.0.0",
        "unique-string": "^2.0.0",
        "write-file-atomic": "^3.0.0",
        "xdg-basedir": "^4.0.0"
      },
      "engines": {
        "node": ">=8"
      }
    },
    "node_modules/crypto-random-string": {
      "version": "2.0.0",
      "dev": true,
      "license": "MIT",
      "engines": {
        "node": ">=8"
      }
    },
    "node_modules/debug": {
      "version": "3.2.7",
      "dev": true,
      "license": "MIT",
      "dependencies": {
        "ms": "^2.1.1"
      }
    },
    "node_modules/decompress-response": {
      "version": "3.3.0",
      "dev": true,
      "license": "MIT",
      "dependencies": {
        "mimic-response": "^1.0.0"
      },
      "engines": {
        "node": ">=4"
      }
    },
    "node_modules/deep-extend": {
      "version": "0.6.0",
      "dev": true,
      "license": "MIT",
      "engines": {
        "node": ">=4.0.0"
      }
    },
    "node_modules/defer-to-connect": {
      "version": "1.1.3",
      "dev": true,
      "license": "MIT"
    },
    "node_modules/dot-prop": {
      "version": "5.3.0",
      "dev": true,
      "license": "MIT",
      "dependencies": {
        "is-obj": "^2.0.0"
      },
      "engines": {
        "node": ">=8"
      }
    },
    "node_modules/duplexer3": {
      "version": "0.1.4",
      "dev": true,
      "license": "BSD-3-Clause"
    },
    "node_modules/emoji-regex": {
      "version": "8.0.0",
      "dev": true,
      "license": "MIT"
    },
    "node_modules/end-of-stream": {
      "version": "1.4.4",
      "dev": true,
      "license": "MIT",
      "dependencies": {
        "once": "^1.4.0"
      }
    },
    "node_modules/escape-goat": {
      "version": "2.1.1",
      "dev": true,
      "license": "MIT",
      "engines": {
        "node": ">=8"
      }
    },
    "node_modules/fill-range": {
      "version": "7.0.1",
      "dev": true,
      "license": "MIT",
      "dependencies": {
        "to-regex-range": "^5.0.1"
      },
      "engines": {
        "node": ">=8"
      }
    },
    "node_modules/fsevents": {
      "version": "2.3.2",
      "dev": true,
      "license": "MIT",
      "optional": true,
      "os": [
        "darwin"
      ],
      "engines": {
        "node": "^8.16.0 || ^10.6.0 || >=11.0.0"
      }
    },
    "node_modules/get-stream": {
      "version": "4.1.0",
      "dev": true,
      "license": "MIT",
      "dependencies": {
        "pump": "^3.0.0"
      },
      "engines": {
        "node": ">=6"
      }
    },
    "node_modules/glob-parent": {
      "version": "5.1.2",
      "dev": true,
      "license": "ISC",
      "dependencies": {
        "is-glob": "^4.0.1"
      },
      "engines": {
        "node": ">= 6"
      }
    },
    "node_modules/global-dirs": {
      "version": "2.1.0",
      "dev": true,
      "license": "MIT",
      "dependencies": {
        "ini": "1.3.7"
      },
      "engines": {
        "node": ">=8"
      },
      "funding": {
        "url": "https://github.com/sponsors/sindresorhus"
      }
    },
    "node_modules/got": {
      "version": "9.6.0",
      "dev": true,
      "license": "MIT",
      "dependencies": {
        "@sindresorhus/is": "^0.14.0",
        "@szmarczak/http-timer": "^1.1.2",
        "cacheable-request": "^6.0.0",
        "decompress-response": "^3.3.0",
        "duplexer3": "^0.1.4",
        "get-stream": "^4.1.0",
        "lowercase-keys": "^1.0.1",
        "mimic-response": "^1.0.1",
        "p-cancelable": "^1.0.0",
        "to-readable-stream": "^1.0.0",
        "url-parse-lax": "^3.0.0"
      },
      "engines": {
        "node": ">=8.6"
      }
    },
    "node_modules/graceful-fs": {
      "version": "4.2.6",
      "dev": true,
      "license": "ISC"
    },
    "node_modules/has-flag": {
      "version": "3.0.0",
      "dev": true,
      "license": "MIT",
      "engines": {
        "node": ">=4"
      }
    },
    "node_modules/has-yarn": {
      "version": "2.1.0",
      "dev": true,
      "license": "MIT",
      "engines": {
        "node": ">=8"
      }
    },
    "node_modules/http-cache-semantics": {
      "version": "4.1.0",
      "dev": true,
      "license": "BSD-2-Clause"
    },
    "node_modules/ignore-by-default": {
      "version": "1.0.1",
      "dev": true,
      "license": "ISC"
    },
    "node_modules/import-lazy": {
      "version": "2.1.0",
      "dev": true,
      "license": "MIT",
      "engines": {
        "node": ">=4"
      }
    },
    "node_modules/imurmurhash": {
      "version": "0.1.4",
      "dev": true,
      "license": "MIT",
      "engines": {
        "node": ">=0.8.19"
      }
    },
    "node_modules/ini": {
      "version": "1.3.7",
      "dev": true,
      "license": "ISC"
    },
    "node_modules/is-binary-path": {
      "version": "2.1.0",
      "dev": true,
      "license": "MIT",
      "dependencies": {
        "binary-extensions": "^2.0.0"
      },
      "engines": {
        "node": ">=8"
      }
    },
    "node_modules/is-ci": {
      "version": "2.0.0",
      "dev": true,
      "license": "MIT",
      "dependencies": {
        "ci-info": "^2.0.0"
      },
      "bin": {
        "is-ci": "bin.js"
      }
    },
    "node_modules/is-extglob": {
      "version": "2.1.1",
      "dev": true,
      "license": "MIT",
      "engines": {
        "node": ">=0.10.0"
      }
    },
    "node_modules/is-fullwidth-code-point": {
      "version": "3.0.0",
      "dev": true,
      "license": "MIT",
      "engines": {
        "node": ">=8"
      }
    },
    "node_modules/is-glob": {
      "version": "4.0.1",
      "dev": true,
      "license": "MIT",
      "dependencies": {
        "is-extglob": "^2.1.1"
      },
      "engines": {
        "node": ">=0.10.0"
      }
    },
    "node_modules/is-installed-globally": {
      "version": "0.3.2",
      "dev": true,
      "license": "MIT",
      "dependencies": {
        "global-dirs": "^2.0.1",
        "is-path-inside": "^3.0.1"
      },
      "engines": {
        "node": ">=8"
      },
      "funding": {
        "url": "https://github.com/sponsors/sindresorhus"
      }
    },
    "node_modules/is-npm": {
      "version": "4.0.0",
      "dev": true,
      "license": "MIT",
      "engines": {
        "node": ">=8"
      }
    },
    "node_modules/is-number": {
      "version": "7.0.0",
      "dev": true,
      "license": "MIT",
      "engines": {
        "node": ">=0.12.0"
      }
    },
    "node_modules/is-obj": {
      "version": "2.0.0",
      "dev": true,
      "license": "MIT",
      "engines": {
        "node": ">=8"
      }
    },
    "node_modules/is-path-inside": {
      "version": "3.0.3",
      "dev": true,
      "license": "MIT",
      "engines": {
        "node": ">=8"
      }
    },
    "node_modules/is-typedarray": {
      "version": "1.0.0",
      "dev": true,
      "license": "MIT"
    },
    "node_modules/is-yarn-global": {
      "version": "0.3.0",
      "dev": true,
      "license": "MIT"
    },
    "node_modules/json-buffer": {
      "version": "3.0.0",
      "dev": true,
      "license": "MIT"
    },
    "node_modules/keyv": {
      "version": "3.1.0",
      "dev": true,
      "license": "MIT",
      "dependencies": {
        "json-buffer": "3.0.0"
      }
    },
    "node_modules/koa": {
      "resolved": "code/koa",
      "link": true
    },
    "node_modules/koa-router": {
      "resolved": "code/koa-router",
      "link": true
    },
    "node_modules/latest-version": {
      "version": "5.1.0",
      "dev": true,
      "license": "MIT",
      "dependencies": {
        "package-json": "^6.3.0"
      },
      "engines": {
        "node": ">=8"
      }
    },
    "node_modules/lowercase-keys": {
      "version": "1.0.1",
      "dev": true,
      "license": "MIT",
      "engines": {
        "node": ">=0.10.0"
      }
    },
    "node_modules/make-dir": {
      "version": "3.1.0",
      "dev": true,
      "license": "MIT",
      "dependencies": {
        "semver": "^6.0.0"
      },
      "engines": {
        "node": ">=8"
      },
      "funding": {
        "url": "https://github.com/sponsors/sindresorhus"
      }
    },
    "node_modules/make-dir/node_modules/semver": {
      "version": "6.3.0",
      "dev": true,
      "license": "ISC",
      "bin": {
        "semver": "bin/semver.js"
      }
    },
    "node_modules/mimic-response": {
      "version": "1.0.1",
      "dev": true,
      "license": "MIT",
      "engines": {
        "node": ">=4"
      }
    },
    "node_modules/minimatch": {
      "version": "3.0.4",
      "dev": true,
      "license": "ISC",
      "dependencies": {
        "brace-expansion": "^1.1.7"
      },
      "engines": {
        "node": "*"
      }
    },
    "node_modules/minimist": {
      "version": "1.2.5",
      "dev": true,
      "license": "MIT"
    },
    "node_modules/ms": {
      "version": "2.1.3",
      "dev": true,
      "license": "MIT"
    },
    "node_modules/nodemon": {
      "version": "2.0.7",
      "dev": true,
      "hasInstallScript": true,
      "license": "MIT",
      "dependencies": {
        "chokidar": "^3.2.2",
        "debug": "^3.2.6",
        "ignore-by-default": "^1.0.1",
        "minimatch": "^3.0.4",
        "pstree.remy": "^1.1.7",
        "semver": "^5.7.1",
        "supports-color": "^5.5.0",
        "touch": "^3.1.0",
        "undefsafe": "^2.0.3",
        "update-notifier": "^4.1.0"
      },
      "bin": {
        "nodemon": "bin/nodemon.js"
      },
      "engines": {
        "node": ">=8.10.0"
      },
      "funding": {
        "type": "opencollective",
        "url": "https://opencollective.com/nodemon"
      }
    },
    "node_modules/nopt": {
      "version": "1.0.10",
      "dev": true,
      "license": "MIT",
      "dependencies": {
        "abbrev": "1"
      },
      "bin": {
        "nopt": "bin/nopt.js"
      }
    },
    "node_modules/normalize-path": {
      "version": "3.0.0",
      "dev": true,
      "license": "MIT",
      "engines": {
        "node": ">=0.10.0"
      }
    },
    "node_modules/normalize-url": {
      "version": "4.5.1",
      "dev": true,
      "license": "MIT",
      "engines": {
        "node": ">=8"
      }
    },
    "node_modules/once": {
      "version": "1.4.0",
      "dev": true,
      "license": "ISC",
      "dependencies": {
        "wrappy": "1"
      }
    },
    "node_modules/p-cancelable": {
      "version": "1.1.0",
      "dev": true,
      "license": "MIT",
      "engines": {
        "node": ">=6"
      }
    },
    "node_modules/package-json": {
      "version": "6.5.0",
      "dev": true,
      "license": "MIT",
      "dependencies": {
        "got": "^9.6.0",
        "registry-auth-token": "^4.0.0",
        "registry-url": "^5.0.0",
        "semver": "^6.2.0"
      },
      "engines": {
        "node": ">=8"
      }
    },
    "node_modules/package-json/node_modules/semver": {
      "version": "6.3.0",
      "dev": true,
      "license": "ISC",
      "bin": {
        "semver": "bin/semver.js"
      }
    },
    "node_modules/path-to-regexp": {
      "version": "6.2.0",
      "resolved": "https://registry.npmjs.org/path-to-regexp/-/path-to-regexp-6.2.0.tgz",
      "integrity": "sha512-f66KywYG6+43afgE/8j/GoiNyygk/bnoCbps++3ErRKsIYkGGupyv07R2Ok5m9i67Iqc+T2g1eAUGUPzWhYTyg=="
    },
    "node_modules/picomatch": {
      "version": "2.3.0",
      "dev": true,
      "license": "MIT",
      "engines": {
        "node": ">=8.6"
      },
      "funding": {
        "url": "https://github.com/sponsors/jonschlinkert"
      }
    },
    "node_modules/prepend-http": {
      "version": "2.0.0",
      "dev": true,
      "license": "MIT",
      "engines": {
        "node": ">=4"
      }
    },
    "node_modules/pstree.remy": {
      "version": "1.1.8",
      "dev": true,
      "license": "MIT"
    },
    "node_modules/pump": {
      "version": "3.0.0",
      "dev": true,
      "license": "MIT",
      "dependencies": {
        "end-of-stream": "^1.1.0",
        "once": "^1.3.1"
      }
    },
    "node_modules/pupa": {
      "version": "2.1.1",
      "dev": true,
      "license": "MIT",
      "dependencies": {
        "escape-goat": "^2.0.0"
      },
      "engines": {
        "node": ">=8"
      }
    },
    "node_modules/rc": {
      "version": "1.2.8",
      "dev": true,
      "license": "(BSD-2-Clause OR MIT OR Apache-2.0)",
      "dependencies": {
        "deep-extend": "^0.6.0",
        "ini": "~1.3.0",
        "minimist": "^1.2.0",
        "strip-json-comments": "~2.0.1"
      },
      "bin": {
        "rc": "cli.js"
      }
    },
    "node_modules/readdirp": {
      "version": "3.5.0",
      "dev": true,
      "license": "MIT",
      "dependencies": {
        "picomatch": "^2.2.1"
      },
      "engines": {
        "node": ">=8.10.0"
      }
    },
    "node_modules/registry-auth-token": {
      "version": "4.2.1",
      "dev": true,
      "license": "MIT",
      "dependencies": {
        "rc": "^1.2.8"
      },
      "engines": {
        "node": ">=6.0.0"
      }
    },
    "node_modules/registry-url": {
      "version": "5.1.0",
      "dev": true,
      "license": "MIT",
      "dependencies": {
        "rc": "^1.2.8"
      },
      "engines": {
        "node": ">=8"
      }
    },
    "node_modules/responselike": {
      "version": "1.0.2",
      "dev": true,
      "license": "MIT",
      "dependencies": {
        "lowercase-keys": "^1.0.0"
      }
    },
    "node_modules/semver": {
      "version": "5.7.1",
      "dev": true,
      "license": "ISC",
      "bin": {
        "semver": "bin/semver"
      }
    },
    "node_modules/semver-diff": {
      "version": "3.1.1",
      "dev": true,
      "license": "MIT",
      "dependencies": {
        "semver": "^6.3.0"
      },
      "engines": {
        "node": ">=8"
      }
    },
    "node_modules/semver-diff/node_modules/semver": {
      "version": "6.3.0",
      "dev": true,
      "license": "ISC",
      "bin": {
        "semver": "bin/semver.js"
      }
    },
    "node_modules/signal-exit": {
      "version": "3.0.3",
      "dev": true,
      "license": "ISC"
    },
    "node_modules/string-width": {
      "version": "4.2.2",
      "dev": true,
      "license": "MIT",
      "dependencies": {
        "emoji-regex": "^8.0.0",
        "is-fullwidth-code-point": "^3.0.0",
        "strip-ansi": "^6.0.0"
      },
      "engines": {
        "node": ">=8"
      }
    },
    "node_modules/strip-ansi": {
      "version": "6.0.0",
      "dev": true,
      "license": "MIT",
      "dependencies": {
        "ansi-regex": "^5.0.0"
      },
      "engines": {
        "node": ">=8"
      }
    },
    "node_modules/strip-json-comments": {
      "version": "2.0.1",
      "dev": true,
      "license": "MIT",
      "engines": {
        "node": ">=0.10.0"
      }
    },
    "node_modules/supports-color": {
      "version": "5.5.0",
      "dev": true,
      "license": "MIT",
      "dependencies": {
        "has-flag": "^3.0.0"
      },
      "engines": {
        "node": ">=4"
      }
    },
    "node_modules/term-size": {
      "version": "2.2.1",
      "dev": true,
      "license": "MIT",
      "engines": {
        "node": ">=8"
      },
      "funding": {
        "url": "https://github.com/sponsors/sindresorhus"
      }
    },
    "node_modules/to-readable-stream": {
      "version": "1.0.0",
      "dev": true,
      "license": "MIT",
      "engines": {
        "node": ">=6"
      }
    },
    "node_modules/to-regex-range": {
      "version": "5.0.1",
      "dev": true,
      "license": "MIT",
      "dependencies": {
        "is-number": "^7.0.0"
      },
      "engines": {
        "node": ">=8.0"
      }
    },
    "node_modules/touch": {
      "version": "3.1.0",
      "dev": true,
      "license": "ISC",
      "dependencies": {
        "nopt": "~1.0.10"
      },
      "bin": {
        "nodetouch": "bin/nodetouch.js"
      }
    },
    "node_modules/type-fest": {
      "version": "0.8.1",
      "dev": true,
      "license": "(MIT OR CC0-1.0)",
      "engines": {
        "node": ">=8"
      }
    },
    "node_modules/typedarray-to-buffer": {
      "version": "3.1.5",
      "dev": true,
      "license": "MIT",
      "dependencies": {
        "is-typedarray": "^1.0.0"
      }
    },
    "node_modules/undefsafe": {
      "version": "2.0.3",
      "dev": true,
      "license": "MIT",
      "dependencies": {
        "debug": "^2.2.0"
      }
    },
    "node_modules/undefsafe/node_modules/debug": {
      "version": "2.6.9",
      "dev": true,
      "license": "MIT",
      "dependencies": {
        "ms": "2.0.0"
      }
    },
    "node_modules/undefsafe/node_modules/ms": {
      "version": "2.0.0",
      "dev": true,
      "license": "MIT"
    },
    "node_modules/unique-string": {
      "version": "2.0.0",
      "dev": true,
      "license": "MIT",
      "dependencies": {
        "crypto-random-string": "^2.0.0"
      },
      "engines": {
        "node": ">=8"
      }
    },
    "node_modules/update-notifier": {
      "version": "4.1.3",
      "dev": true,
      "license": "BSD-2-Clause",
      "dependencies": {
        "boxen": "^4.2.0",
        "chalk": "^3.0.0",
        "configstore": "^5.0.1",
        "has-yarn": "^2.1.0",
        "import-lazy": "^2.1.0",
        "is-ci": "^2.0.0",
        "is-installed-globally": "^0.3.1",
        "is-npm": "^4.0.0",
        "is-yarn-global": "^0.3.0",
        "latest-version": "^5.0.0",
        "pupa": "^2.0.1",
        "semver-diff": "^3.1.1",
        "xdg-basedir": "^4.0.0"
      },
      "engines": {
        "node": ">=8"
      },
      "funding": {
        "url": "https://github.com/yeoman/update-notifier?sponsor=1"
      }
    },
    "node_modules/url-parse-lax": {
      "version": "3.0.0",
      "dev": true,
      "license": "MIT",
      "dependencies": {
        "prepend-http": "^2.0.0"
      },
      "engines": {
        "node": ">=4"
      }
    },
    "node_modules/widest-line": {
      "version": "3.1.0",
      "dev": true,
      "license": "MIT",
      "dependencies": {
        "string-width": "^4.0.0"
      },
      "engines": {
        "node": ">=8"
      }
    },
    "node_modules/wrappy": {
      "version": "1.0.2",
      "dev": true,
      "license": "ISC"
    },
    "node_modules/write-file-atomic": {
      "version": "3.0.3",
      "dev": true,
      "license": "ISC",
      "dependencies": {
        "imurmurhash": "^0.1.4",
        "is-typedarray": "^1.0.0",
        "signal-exit": "^3.0.2",
        "typedarray-to-buffer": "^3.1.5"
      }
    },
    "node_modules/xdg-basedir": {
      "version": "4.0.0",
      "dev": true,
      "license": "MIT",
      "engines": {
        "node": ">=8"
      }
    }
  },
  "dependencies": {
    "@sindresorhus/is": {
      "version": "0.14.0",
      "dev": true
    },
    "@szmarczak/http-timer": {
      "version": "1.1.2",
      "dev": true,
      "requires": {
        "defer-to-connect": "^1.0.1"
      }
    },
    "abbrev": {
      "version": "1.1.1",
      "dev": true
    },
    "ansi-align": {
      "version": "3.0.0",
      "dev": true,
      "requires": {
        "string-width": "^3.0.0"
      },
      "dependencies": {
        "ansi-regex": {
          "version": "4.1.0",
          "dev": true
        },
        "emoji-regex": {
          "version": "7.0.3",
          "dev": true
        },
        "is-fullwidth-code-point": {
          "version": "2.0.0",
          "dev": true
        },
        "string-width": {
          "version": "3.1.0",
          "dev": true,
          "requires": {
            "emoji-regex": "^7.0.1",
            "is-fullwidth-code-point": "^2.0.0",
            "strip-ansi": "^5.1.0"
          }
        },
        "strip-ansi": {
          "version": "5.2.0",
          "dev": true,
          "requires": {
            "ansi-regex": "^4.1.0"
          }
        }
      }
    },
    "ansi-regex": {
      "version": "5.0.0",
      "dev": true
    },
    "ansi-styles": {
      "version": "4.3.0",
      "dev": true,
      "requires": {
        "color-convert": "^2.0.1"
      }
    },
    "anymatch": {
      "version": "3.1.2",
      "dev": true,
      "requires": {
        "normalize-path": "^3.0.0",
        "picomatch": "^2.0.4"
      }
    },
    "balanced-match": {
      "version": "1.0.2",
      "dev": true
    },
    "binary-extensions": {
      "version": "2.2.0",
      "dev": true
    },
    "boxen": {
      "version": "4.2.0",
      "dev": true,
      "requires": {
        "ansi-align": "^3.0.0",
        "camelcase": "^5.3.1",
        "chalk": "^3.0.0",
        "cli-boxes": "^2.2.0",
        "string-width": "^4.1.0",
        "term-size": "^2.1.0",
        "type-fest": "^0.8.1",
        "widest-line": "^3.1.0"
      }
    },
    "brace-expansion": {
      "version": "1.1.11",
      "dev": true,
      "requires": {
        "balanced-match": "^1.0.0",
        "concat-map": "0.0.1"
      }
    },
    "braces": {
      "version": "3.0.2",
      "dev": true,
      "requires": {
        "fill-range": "^7.0.1"
      }
    },
    "cacheable-request": {
      "version": "6.1.0",
      "dev": true,
      "requires": {
        "clone-response": "^1.0.2",
        "get-stream": "^5.1.0",
        "http-cache-semantics": "^4.0.0",
        "keyv": "^3.0.0",
        "lowercase-keys": "^2.0.0",
        "normalize-url": "^4.1.0",
        "responselike": "^1.0.2"
      },
      "dependencies": {
        "get-stream": {
          "version": "5.2.0",
          "dev": true,
          "requires": {
            "pump": "^3.0.0"
          }
        },
        "lowercase-keys": {
          "version": "2.0.0",
          "dev": true
        }
      }
    },
    "camelcase": {
      "version": "5.3.1",
      "dev": true
    },
    "chalk": {
      "version": "3.0.0",
      "dev": true,
      "requires": {
        "ansi-styles": "^4.1.0",
        "supports-color": "^7.1.0"
      },
      "dependencies": {
        "has-flag": {
          "version": "4.0.0",
          "dev": true
        },
        "supports-color": {
          "version": "7.2.0",
          "dev": true,
          "requires": {
            "has-flag": "^4.0.0"
          }
        }
      }
    },
    "chokidar": {
      "version": "3.5.1",
      "dev": true,
      "requires": {
        "anymatch": "~3.1.1",
        "braces": "~3.0.2",
        "fsevents": "~2.3.1",
        "glob-parent": "~5.1.0",
        "is-binary-path": "~2.1.0",
        "is-glob": "~4.0.1",
        "normalize-path": "~3.0.0",
        "readdirp": "~3.5.0"
      }
    },
    "ci-info": {
      "version": "2.0.0",
      "dev": true
    },
    "cli-boxes": {
      "version": "2.2.1",
      "dev": true
    },
    "clone-response": {
      "version": "1.0.2",
      "dev": true,
      "requires": {
        "mimic-response": "^1.0.0"
      }
    },
    "color-convert": {
      "version": "2.0.1",
      "dev": true,
      "requires": {
        "color-name": "~1.1.4"
      }
    },
    "color-name": {
      "version": "1.1.4",
      "dev": true
    },
    "concat-map": {
      "version": "0.0.1",
      "dev": true
    },
    "configstore": {
      "version": "5.0.1",
      "dev": true,
      "requires": {
        "dot-prop": "^5.2.0",
        "graceful-fs": "^4.1.2",
        "make-dir": "^3.0.0",
        "unique-string": "^2.0.0",
        "write-file-atomic": "^3.0.0",
        "xdg-basedir": "^4.0.0"
      }
    },
    "crypto-random-string": {
      "version": "2.0.0",
      "dev": true
    },
    "debug": {
      "version": "3.2.7",
      "dev": true,
      "requires": {
        "ms": "^2.1.1"
      }
    },
    "decompress-response": {
      "version": "3.3.0",
      "dev": true,
      "requires": {
        "mimic-response": "^1.0.0"
      }
    },
    "deep-extend": {
      "version": "0.6.0",
      "dev": true
    },
    "defer-to-connect": {
      "version": "1.1.3",
      "dev": true
    },
    "dot-prop": {
      "version": "5.3.0",
      "dev": true,
      "requires": {
        "is-obj": "^2.0.0"
      }
    },
    "duplexer3": {
      "version": "0.1.4",
      "dev": true
    },
    "emoji-regex": {
      "version": "8.0.0",
      "dev": true
    },
    "end-of-stream": {
      "version": "1.4.4",
      "dev": true,
      "requires": {
        "once": "^1.4.0"
      }
    },
    "escape-goat": {
      "version": "2.1.1",
      "dev": true
    },
    "fill-range": {
      "version": "7.0.1",
      "dev": true,
      "requires": {
        "to-regex-range": "^5.0.1"
      }
    },
    "fsevents": {
      "version": "2.3.2",
      "dev": true,
      "optional": true
    },
    "get-stream": {
      "version": "4.1.0",
      "dev": true,
      "requires": {
        "pump": "^3.0.0"
      }
    },
    "glob-parent": {
      "version": "5.1.2",
      "dev": true,
      "requires": {
        "is-glob": "^4.0.1"
      }
    },
    "global-dirs": {
      "version": "2.1.0",
      "dev": true,
      "requires": {
        "ini": "1.3.7"
      }
    },
    "got": {
      "version": "9.6.0",
      "dev": true,
      "requires": {
        "@sindresorhus/is": "^0.14.0",
        "@szmarczak/http-timer": "^1.1.2",
        "cacheable-request": "^6.0.0",
        "decompress-response": "^3.3.0",
        "duplexer3": "^0.1.4",
        "get-stream": "^4.1.0",
        "lowercase-keys": "^1.0.1",
        "mimic-response": "^1.0.1",
        "p-cancelable": "^1.0.0",
        "to-readable-stream": "^1.0.0",
        "url-parse-lax": "^3.0.0"
      }
    },
    "graceful-fs": {
      "version": "4.2.6",
      "dev": true
    },
    "has-flag": {
      "version": "3.0.0",
      "dev": true
    },
    "has-yarn": {
      "version": "2.1.0",
      "dev": true
    },
    "http-cache-semantics": {
      "version": "4.1.0",
      "dev": true
    },
    "ignore-by-default": {
      "version": "1.0.1",
      "dev": true
    },
    "import-lazy": {
      "version": "2.1.0",
      "dev": true
    },
    "imurmurhash": {
      "version": "0.1.4",
      "dev": true
    },
    "ini": {
      "version": "1.3.7",
      "dev": true
    },
    "is-binary-path": {
      "version": "2.1.0",
      "dev": true,
      "requires": {
        "binary-extensions": "^2.0.0"
      }
    },
    "is-ci": {
      "version": "2.0.0",
      "dev": true,
      "requires": {
        "ci-info": "^2.0.0"
      }
    },
    "is-extglob": {
      "version": "2.1.1",
      "dev": true
    },
    "is-fullwidth-code-point": {
      "version": "3.0.0",
      "dev": true
    },
    "is-glob": {
      "version": "4.0.1",
      "dev": true,
      "requires": {
        "is-extglob": "^2.1.1"
      }
    },
    "is-installed-globally": {
      "version": "0.3.2",
      "dev": true,
      "requires": {
        "global-dirs": "^2.0.1",
        "is-path-inside": "^3.0.1"
      }
    },
    "is-npm": {
      "version": "4.0.0",
      "dev": true
    },
    "is-number": {
      "version": "7.0.0",
      "dev": true
    },
    "is-obj": {
      "version": "2.0.0",
      "dev": true
    },
    "is-path-inside": {
      "version": "3.0.3",
      "dev": true
    },
    "is-typedarray": {
      "version": "1.0.0",
      "dev": true
    },
    "is-yarn-global": {
      "version": "0.3.0",
      "dev": true
    },
    "json-buffer": {
      "version": "3.0.0",
      "dev": true
    },
    "keyv": {
      "version": "3.1.0",
      "dev": true,
      "requires": {
        "json-buffer": "3.0.0"
      }
    },
    "koa": {
      "version": "file:code/koa",
      "requires": {
        "koa": "^1.0.0",
        "nodemon": "^2.0.7"
      }
    },
    "koa-router": {
      "version": "file:code/koa-router",
      "requires": {
        "path-to-regexp": "^6.2.0"
      }
    },
    "latest-version": {
      "version": "5.1.0",
      "dev": true,
      "requires": {
        "package-json": "^6.3.0"
      }
    },
    "lowercase-keys": {
      "version": "1.0.1",
      "dev": true
    },
    "make-dir": {
      "version": "3.1.0",
      "dev": true,
      "requires": {
        "semver": "^6.0.0"
      },
      "dependencies": {
        "semver": {
          "version": "6.3.0",
          "dev": true
        }
      }
    },
    "mimic-response": {
      "version": "1.0.1",
      "dev": true
    },
    "minimatch": {
      "version": "3.0.4",
      "dev": true,
      "requires": {
        "brace-expansion": "^1.1.7"
      }
    },
    "minimist": {
      "version": "1.2.5",
      "dev": true
    },
    "ms": {
      "version": "2.1.3",
      "dev": true
    },
    "nodemon": {
      "version": "2.0.7",
      "dev": true,
      "requires": {
        "chokidar": "^3.2.2",
        "debug": "^3.2.6",
        "ignore-by-default": "^1.0.1",
        "minimatch": "^3.0.4",
        "pstree.remy": "^1.1.7",
        "semver": "^5.7.1",
        "supports-color": "^5.5.0",
        "touch": "^3.1.0",
        "undefsafe": "^2.0.3",
        "update-notifier": "^4.1.0"
      }
    },
    "nopt": {
      "version": "1.0.10",
      "dev": true,
      "requires": {
        "abbrev": "1"
      }
    },
    "normalize-path": {
      "version": "3.0.0",
      "dev": true
    },
    "normalize-url": {
      "version": "4.5.1",
      "dev": true
    },
    "once": {
      "version": "1.4.0",
      "dev": true,
      "requires": {
        "wrappy": "1"
      }
    },
    "p-cancelable": {
      "version": "1.1.0",
      "dev": true
    },
    "package-json": {
      "version": "6.5.0",
      "dev": true,
      "requires": {
        "got": "^9.6.0",
        "registry-auth-token": "^4.0.0",
        "registry-url": "^5.0.0",
        "semver": "^6.2.0"
      },
      "dependencies": {
        "semver": {
          "version": "6.3.0",
          "dev": true
        }
      }
    },
    "path-to-regexp": {
      "version": "6.2.0",
      "resolved": "https://registry.npmjs.org/path-to-regexp/-/path-to-regexp-6.2.0.tgz",
      "integrity": "sha512-f66KywYG6+43afgE/8j/GoiNyygk/bnoCbps++3ErRKsIYkGGupyv07R2Ok5m9i67Iqc+T2g1eAUGUPzWhYTyg=="
    },
    "picomatch": {
      "version": "2.3.0",
      "dev": true
    },
    "prepend-http": {
      "version": "2.0.0",
      "dev": true
    },
    "pstree.remy": {
      "version": "1.1.8",
      "dev": true
    },
    "pump": {
      "version": "3.0.0",
      "dev": true,
      "requires": {
        "end-of-stream": "^1.1.0",
        "once": "^1.3.1"
      }
    },
    "pupa": {
      "version": "2.1.1",
      "dev": true,
      "requires": {
        "escape-goat": "^2.0.0"
      }
    },
    "rc": {
      "version": "1.2.8",
      "dev": true,
      "requires": {
        "deep-extend": "^0.6.0",
        "ini": "~1.3.0",
        "minimist": "^1.2.0",
        "strip-json-comments": "~2.0.1"
      }
    },
    "readdirp": {
      "version": "3.5.0",
      "dev": true,
      "requires": {
        "picomatch": "^2.2.1"
      }
    },
    "registry-auth-token": {
      "version": "4.2.1",
      "dev": true,
      "requires": {
        "rc": "^1.2.8"
      }
    },
    "registry-url": {
      "version": "5.1.0",
      "dev": true,
      "requires": {
        "rc": "^1.2.8"
      }
    },
    "responselike": {
      "version": "1.0.2",
      "dev": true,
      "requires": {
        "lowercase-keys": "^1.0.0"
      }
    },
    "semver": {
      "version": "5.7.1",
      "dev": true
    },
    "semver-diff": {
      "version": "3.1.1",
      "dev": true,
      "requires": {
        "semver": "^6.3.0"
      },
      "dependencies": {
        "semver": {
          "version": "6.3.0",
          "dev": true
        }
      }
    },
    "signal-exit": {
      "version": "3.0.3",
      "dev": true
    },
    "string-width": {
      "version": "4.2.2",
      "dev": true,
      "requires": {
        "emoji-regex": "^8.0.0",
        "is-fullwidth-code-point": "^3.0.0",
        "strip-ansi": "^6.0.0"
      }
    },
    "strip-ansi": {
      "version": "6.0.0",
      "dev": true,
      "requires": {
        "ansi-regex": "^5.0.0"
      }
    },
    "strip-json-comments": {
      "version": "2.0.1",
      "dev": true
    },
    "supports-color": {
      "version": "5.5.0",
      "dev": true,
      "requires": {
        "has-flag": "^3.0.0"
      }
    },
    "term-size": {
      "version": "2.2.1",
      "dev": true
    },
    "to-readable-stream": {
      "version": "1.0.0",
      "dev": true
    },
    "to-regex-range": {
      "version": "5.0.1",
      "dev": true,
      "requires": {
        "is-number": "^7.0.0"
      }
    },
    "touch": {
      "version": "3.1.0",
      "dev": true,
      "requires": {
        "nopt": "~1.0.10"
      }
    },
    "type-fest": {
      "version": "0.8.1",
      "dev": true
    },
    "typedarray-to-buffer": {
      "version": "3.1.5",
      "dev": true,
      "requires": {
        "is-typedarray": "^1.0.0"
      }
    },
    "undefsafe": {
      "version": "2.0.3",
      "dev": true,
      "requires": {
        "debug": "^2.2.0"
      },
      "dependencies": {
        "debug": {
          "version": "2.6.9",
          "dev": true,
          "requires": {
            "ms": "2.0.0"
          }
        },
        "ms": {
          "version": "2.0.0",
          "dev": true
        }
      }
    },
    "unique-string": {
      "version": "2.0.0",
      "dev": true,
      "requires": {
        "crypto-random-string": "^2.0.0"
      }
    },
    "update-notifier": {
      "version": "4.1.3",
      "dev": true,
      "requires": {
        "boxen": "^4.2.0",
        "chalk": "^3.0.0",
        "configstore": "^5.0.1",
        "has-yarn": "^2.1.0",
        "import-lazy": "^2.1.0",
        "is-ci": "^2.0.0",
        "is-installed-globally": "^0.3.1",
        "is-npm": "^4.0.0",
        "is-yarn-global": "^0.3.0",
        "latest-version": "^5.0.0",
        "pupa": "^2.0.1",
        "semver-diff": "^3.1.1",
        "xdg-basedir": "^4.0.0"
      }
    },
    "url-parse-lax": {
      "version": "3.0.0",
      "dev": true,
      "requires": {
        "prepend-http": "^2.0.0"
      }
    },
    "widest-line": {
      "version": "3.1.0",
      "dev": true,
      "requires": {
        "string-width": "^4.0.0"
      }
    },
    "wrappy": {
      "version": "1.0.2",
      "dev": true
    },
    "write-file-atomic": {
      "version": "3.0.3",
      "dev": true,
      "requires": {
        "imurmurhash": "^0.1.4",
        "is-typedarray": "^1.0.0",
        "signal-exit": "^3.0.2",
        "typedarray-to-buffer": "^3.1.5"
      }
    },
    "xdg-basedir": {
      "version": "4.0.0",
      "dev": true
    }
  }
}
