{
  "name": "graphql-server",
  "version": "1.0.0",
  "lockfileVersion": 2,
  "requires": true,
  "packages": {
    "": {
      "name": "graphql-server",
      "version": "1.0.0",
      "license": "ISC",
      "dependencies": {
        "@graphql-tools/schema": "^8.3.2",
        "graphql": "^16.3.0",
        "raw-body": "^2.5.0"
      }
    },
    "node_modules/@graphql-tools/merge": {
      "version": "8.2.3",
      "resolved": "https://registry.npmjs.org/@graphql-tools/merge/-/merge-8.2.3.tgz",
      "integrity": "sha512-XCSmL6/Xg8259OTWNp69B57CPWiVL69kB7pposFrufG/zaAlI9BS68dgzrxmmSqZV5ZHU4r/6Tbf6fwnEJGiSw==",
      "dependencies": {
        "@graphql-tools/utils": "^8.6.2",
        "tslib": "~2.3.0"
      },
      "peerDependencies": {
        "graphql": "^14.0.0 || ^15.0.0 || ^16.0.0"
      }
    },
    "node_modules/@graphql-tools/schema": {
      "version": "8.3.2",
      "resolved": "https://registry.npmjs.org/@graphql-tools/schema/-/schema-8.3.2.tgz",
      "integrity": "sha512-77feSmIuHdoxMXRbRyxE8rEziKesd/AcqKV6fmxe7Zt+PgIQITxNDew2XJJg7qFTMNM43W77Ia6njUSBxNOkwg==",
      "dependencies": {
        "@graphql-tools/merge": "^8.2.3",
        "@graphql-tools/utils": "^8.6.2",
        "tslib": "~2.3.0",
        "value-or-promise": "1.0.11"
      },
      "peerDependencies": {
        "graphql": "^14.0.0 || ^15.0.0 || ^16.0.0"
      }
    },
    "node_modules/@graphql-tools/utils": {
      "version": "8.6.2",
      "resolved": "https://registry.npmjs.org/@graphql-tools/utils/-/utils-8.6.2.tgz",
      "integrity": "sha512-x1DG0cJgpJtImUlNE780B/dfp8pxvVxOD6UeykFH5rHes26S4kGokbgU8F1IgrJ1vAPm/OVBHtd2kicTsPfwdA==",
      "dependencies": {
        "tslib": "~2.3.0"
      },
      "peerDependencies": {
        "graphql": "^14.0.0 || ^15.0.0 || ^16.0.0"
      }
    },
    "node_modules/bytes": {
      "version": "3.1.2",
      "resolved": "https://registry.npmjs.org/bytes/-/bytes-3.1.2.tgz",
      "integrity": "sha512-/Nf7TyzTx6S3yRJObOAV7956r8cr2+Oj8AC5dt8wSP3BQAoeX58NoHyCU8P8zGkNXStjTSi6fzO6F0pBdcYbEg==",
      "engines": {
        "node": ">= 0.8"
      }
    },
    "node_modules/depd": {
      "version": "2.0.0",
      "resolved": "https://registry.npmjs.org/depd/-/depd-2.0.0.tgz",
      "integrity": "sha512-g7nH6P6dyDioJogAAGprGpCtVImJhpPk/roCzdb3fIh61/s/nPsfR6onyMwkCAR/OlC3yBC0lESvUoQEAssIrw==",
      "engines": {
        "node": ">= 0.8"
      }
    },
    "node_modules/graphql": {
      "version": "16.3.0",
      "resolved": "https://registry.npmjs.org/graphql/-/graphql-16.3.0.tgz",
      "integrity": "sha512-xm+ANmA16BzCT5pLjuXySbQVFwH3oJctUVdy81w1sV0vBU0KgDdBGtxQOUd5zqOBk/JayAFeG8Dlmeq74rjm/A==",
      "engines": {
        "node": "^12.22.0 || ^14.16.0 || >=16.0.0"
      }
    },
    "node_modules/http-errors": {
      "version": "2.0.0",
      "resolved": "https://registry.npmjs.org/http-errors/-/http-errors-2.0.0.tgz",
      "integrity": "sha512-FtwrG/euBzaEjYeRqOgly7G0qviiXoJWnvEH2Z1plBdXgbyjv34pHTSb9zoeHMyDy33+DWy5Wt9Wo+TURtOYSQ==",
      "dependencies": {
        "depd": "2.0.0",
        "inherits": "2.0.4",
        "setprototypeof": "1.2.0",
        "statuses": "2.0.1",
        "toidentifier": "1.0.1"
      },
      "engines": {
        "node": ">= 0.8"
      }
    },
    "node_modules/iconv-lite": {
      "version": "0.4.24",
      "resolved": "https://registry.npmjs.org/iconv-lite/-/iconv-lite-0.4.24.tgz",
      "integrity": "sha512-v3MXnZAcvnywkTUEZomIActle7RXXeedOR31wwl7VlyoXO4Qi9arvSenNQWne1TcRwhCL1HwLI21bEqdpj8/rA==",
      "dependencies": {
        "safer-buffer": ">= 2.1.2 < 3"
      },
      "engines": {
        "node": ">=0.10.0"
      }
    },
    "node_modules/inherits": {
      "version": "2.0.4",
      "resolved": "https://registry.npmjs.org/inherits/-/inherits-2.0.4.tgz",
      "integrity": "sha512-k/vGaX4/Yla3WzyMCvTQOXYeIHvqOKtnqBduzTHpzpQZzAskKMhZ2K+EnBiSM9zGSoIFeMpXKxa4dYeZIQqewQ=="
    },
    "node_modules/raw-body": {
      "version": "2.5.0",
      "resolved": "https://registry.npmjs.org/raw-body/-/raw-body-2.5.0.tgz",
      "integrity": "sha512-XpyZ6O7PVu3ItMQl0LslfsRoKxMOxi3SzDkrOtxMES5AqLFpYjQCryxI4LGygUN2jL+RgFsPkMPPlG7cg/47+A==",
      "dependencies": {
        "bytes": "3.1.2",
        "http-errors": "2.0.0",
        "iconv-lite": "0.4.24",
        "unpipe": "1.0.0"
      },
      "engines": {
        "node": ">= 0.8"
      }
    },
    "node_modules/safer-buffer": {
      "version": "2.1.2",
      "resolved": "https://registry.npmjs.org/safer-buffer/-/safer-buffer-2.1.2.tgz",
      "integrity": "sha512-YZo3K82SD7Riyi0E1EQPojLz7kpepnSQI9IyPbHHg1XXXevb5dJI7tpyN2ADxGcQbHG7vcyRHk0cbwqcQriUtg=="
    },
    "node_modules/setprototypeof": {
      "version": "1.2.0",
      "resolved": "https://registry.npmjs.org/setprototypeof/-/setprototypeof-1.2.0.tgz",
      "integrity": "sha512-E5LDX7Wrp85Kil5bhZv46j8jOeboKq5JMmYM3gVGdGH8xFpPWXUMsNrlODCrkoxMEeNi/XZIwuRvY4XNwYMJpw=="
    },
    "node_modules/statuses": {
      "version": "2.0.1",
      "resolved": "https://registry.npmjs.org/statuses/-/statuses-2.0.1.tgz",
      "integrity": "sha512-RwNA9Z/7PrK06rYLIzFMlaF+l73iwpzsqRIFgbMLbTcLD6cOao82TaWefPXQvB2fOC4AjuYSEndS7N/mTCbkdQ==",
      "engines": {
        "node": ">= 0.8"
      }
    },
    "node_modules/toidentifier": {
      "version": "1.0.1",
      "resolved": "https://registry.npmjs.org/toidentifier/-/toidentifier-1.0.1.tgz",
      "integrity": "sha512-o5sSPKEkg/DIQNmH43V0/uerLrpzVedkUh8tGNvaeXpfpuwjKenlSox/2O/BTlZUtEe+JG7s5YhEz608PlAHRA==",
      "engines": {
        "node": ">=0.6"
      }
    },
    "node_modules/tslib": {
      "version": "2.3.1",
      "resolved": "https://registry.npmjs.org/tslib/-/tslib-2.3.1.tgz",
      "integrity": "sha512-77EbyPPpMz+FRFRuAFlWMtmgUWGe9UOG2Z25NqCwiIjRhOf5iKGuzSe5P2w1laq+FkRy4p+PCuVkJSGkzTEKVw=="
    },
    "node_modules/unpipe": {
      "version": "1.0.0",
      "resolved": "https://registry.npmjs.org/unpipe/-/unpipe-1.0.0.tgz",
      "integrity": "sha1-sr9O6FFKrmFltIF4KdIbLvSZBOw=",
      "engines": {
        "node": ">= 0.8"
      }
    },
    "node_modules/value-or-promise": {
      "version": "1.0.11",
      "resolved": "https://registry.npmjs.org/value-or-promise/-/value-or-promise-1.0.11.tgz",
      "integrity": "sha512-41BrgH+dIbCFXClcSapVs5M6GkENd3gQOJpEfPDNa71LsUGMXDL0jMWpI/Rh7WhX+Aalfz2TTS3Zt5pUsbnhLg==",
      "engines": {
        "node": ">=12"
      }
    }
  },
  "dependencies": {
    "@graphql-tools/merge": {
      "version": "8.2.3",
      "resolved": "https://registry.npmjs.org/@graphql-tools/merge/-/merge-8.2.3.tgz",
      "integrity": "sha512-XCSmL6/Xg8259OTWNp69B57CPWiVL69kB7pposFrufG/zaAlI9BS68dgzrxmmSqZV5ZHU4r/6Tbf6fwnEJGiSw==",
      "requires": {
        "@graphql-tools/utils": "^8.6.2",
        "tslib": "~2.3.0"
      }
    },
    "@graphql-tools/schema": {
      "version": "8.3.2",
      "resolved": "https://registry.npmjs.org/@graphql-tools/schema/-/schema-8.3.2.tgz",
      "integrity": "sha512-77feSmIuHdoxMXRbRyxE8rEziKesd/AcqKV6fmxe7Zt+PgIQITxNDew2XJJg7qFTMNM43W77Ia6njUSBxNOkwg==",
      "requires": {
        "@graphql-tools/merge": "^8.2.3",
        "@graphql-tools/utils": "^8.6.2",
        "tslib": "~2.3.0",
        "value-or-promise": "1.0.11"
      }
    },
    "@graphql-tools/utils": {
      "version": "8.6.2",
      "resolved": "https://registry.npmjs.org/@graphql-tools/utils/-/utils-8.6.2.tgz",
      "integrity": "sha512-x1DG0cJgpJtImUlNE780B/dfp8pxvVxOD6UeykFH5rHes26S4kGokbgU8F1IgrJ1vAPm/OVBHtd2kicTsPfwdA==",
      "requires": {
        "tslib": "~2.3.0"
      }
    },
    "bytes": {
      "version": "3.1.2",
      "resolved": "https://registry.npmjs.org/bytes/-/bytes-3.1.2.tgz",
      "integrity": "sha512-/Nf7TyzTx6S3yRJObOAV7956r8cr2+Oj8AC5dt8wSP3BQAoeX58NoHyCU8P8zGkNXStjTSi6fzO6F0pBdcYbEg=="
    },
    "depd": {
      "version": "2.0.0",
      "resolved": "https://registry.npmjs.org/depd/-/depd-2.0.0.tgz",
      "integrity": "sha512-g7nH6P6dyDioJogAAGprGpCtVImJhpPk/roCzdb3fIh61/s/nPsfR6onyMwkCAR/OlC3yBC0lESvUoQEAssIrw=="
    },
    "graphql": {
      "version": "16.3.0",
      "resolved": "https://registry.npmjs.org/graphql/-/graphql-16.3.0.tgz",
      "integrity": "sha512-xm+ANmA16BzCT5pLjuXySbQVFwH3oJctUVdy81w1sV0vBU0KgDdBGtxQOUd5zqOBk/JayAFeG8Dlmeq74rjm/A=="
    },
    "http-errors": {
      "version": "2.0.0",
      "resolved": "https://registry.npmjs.org/http-errors/-/http-errors-2.0.0.tgz",
      "integrity": "sha512-FtwrG/euBzaEjYeRqOgly7G0qviiXoJWnvEH2Z1plBdXgbyjv34pHTSb9zoeHMyDy33+DWy5Wt9Wo+TURtOYSQ==",
      "requires": {
        "depd": "2.0.0",
        "inherits": "2.0.4",
        "setprototypeof": "1.2.0",
        "statuses": "2.0.1",
        "toidentifier": "1.0.1"
      }
    },
    "iconv-lite": {
      "version": "0.4.24",
      "resolved": "https://registry.npmjs.org/iconv-lite/-/iconv-lite-0.4.24.tgz",
      "integrity": "sha512-v3MXnZAcvnywkTUEZomIActle7RXXeedOR31wwl7VlyoXO4Qi9arvSenNQWne1TcRwhCL1HwLI21bEqdpj8/rA==",
      "requires": {
        "safer-buffer": ">= 2.1.2 < 3"
      }
    },
    "inherits": {
      "version": "2.0.4",
      "resolved": "https://registry.npmjs.org/inherits/-/inherits-2.0.4.tgz",
      "integrity": "sha512-k/vGaX4/Yla3WzyMCvTQOXYeIHvqOKtnqBduzTHpzpQZzAskKMhZ2K+EnBiSM9zGSoIFeMpXKxa4dYeZIQqewQ=="
    },
    "raw-body": {
      "version": "2.5.0",
      "resolved": "https://registry.npmjs.org/raw-body/-/raw-body-2.5.0.tgz",
      "integrity": "sha512-XpyZ6O7PVu3ItMQl0LslfsRoKxMOxi3SzDkrOtxMES5AqLFpYjQCryxI4LGygUN2jL+RgFsPkMPPlG7cg/47+A==",
      "requires": {
        "bytes": "3.1.2",
        "http-errors": "2.0.0",
        "iconv-lite": "0.4.24",
        "unpipe": "1.0.0"
      }
    },
    "safer-buffer": {
      "version": "2.1.2",
      "resolved": "https://registry.npmjs.org/safer-buffer/-/safer-buffer-2.1.2.tgz",
      "integrity": "sha512-YZo3K82SD7Riyi0E1EQPojLz7kpepnSQI9IyPbHHg1XXXevb5dJI7tpyN2ADxGcQbHG7vcyRHk0cbwqcQriUtg=="
    },
    "setprototypeof": {
      "version": "1.2.0",
      "resolved": "https://registry.npmjs.org/setprototypeof/-/setprototypeof-1.2.0.tgz",
      "integrity": "sha512-E5LDX7Wrp85Kil5bhZv46j8jOeboKq5JMmYM3gVGdGH8xFpPWXUMsNrlODCrkoxMEeNi/XZIwuRvY4XNwYMJpw=="
    },
    "statuses": {
      "version": "2.0.1",
      "resolved": "https://registry.npmjs.org/statuses/-/statuses-2.0.1.tgz",
      "integrity": "sha512-RwNA9Z/7PrK06rYLIzFMlaF+l73iwpzsqRIFgbMLbTcLD6cOao82TaWefPXQvB2fOC4AjuYSEndS7N/mTCbkdQ=="
    },
    "toidentifier": {
      "version": "1.0.1",
      "resolved": "https://registry.npmjs.org/toidentifier/-/toidentifier-1.0.1.tgz",
      "integrity": "sha512-o5sSPKEkg/DIQNmH43V0/uerLrpzVedkUh8tGNvaeXpfpuwjKenlSox/2O/BTlZUtEe+JG7s5YhEz608PlAHRA=="
    },
    "tslib": {
      "version": "2.3.1",
      "resolved": "https://registry.npmjs.org/tslib/-/tslib-2.3.1.tgz",
      "integrity": "sha512-77EbyPPpMz+FRFRuAFlWMtmgUWGe9UOG2Z25NqCwiIjRhOf5iKGuzSe5P2w1laq+FkRy4p+PCuVkJSGkzTEKVw=="
    },
    "unpipe": {
      "version": "1.0.0",
      "resolved": "https://registry.npmjs.org/unpipe/-/unpipe-1.0.0.tgz",
      "integrity": "sha1-sr9O6FFKrmFltIF4KdIbLvSZBOw="
    },
    "value-or-promise": {
      "version": "1.0.11",
      "resolved": "https://registry.npmjs.org/value-or-promise/-/value-or-promise-1.0.11.tgz",
      "integrity": "sha512-41BrgH+dIbCFXClcSapVs5M6GkENd3gQOJpEfPDNa71LsUGMXDL0jMWpI/Rh7WhX+Aalfz2TTS3Zt5pUsbnhLg=="
    }
  }
}
